
Microsoft Visual Studio Solution File, Format Version 11.00
# Visual Studio 2010
Project("{FAE04EC0-301F-11D3-BF4B-00C04F79EFBC}") = "Ninject.Extensions.Glimpse", "Ninject.Extensions.Glimpse\Ninject.Extensions.Glimpse.csproj", "{5554BC11-6B59-4A9E-AC63-F0536DA4B34D}"
EndProject
Global
	GlobalSection(SolutionConfigurationPlatforms) = preSolution
		Debug|Any CPU = Debug|Any CPU
		Release|Any CPU = Release|Any CPU
	EndGlobalSection
	GlobalSection(ProjectConfigurationPlatforms) = postSolution
		{5554BC11-6B59-4A9E-AC63-F0536DA4B34D}.Debug|Any CPU.ActiveCfg = Debug|Any CPU
		{5554BC11-6B59-4A9E-AC63-F0536DA4B34D}.Debug|Any CPU.Build.0 = Debug|Any CPU
		{5554BC11-6B59-4A9E-AC63-F0536DA4B34D}.Release|Any CPU.ActiveCfg = Release|Any CPU
		{5554BC11-6B59-4A9E-AC63-F0536DA4B34D}.Release|Any CPU.Build.0 = Release|Any CPU
	EndGlobalSection
	GlobalSection(SolutionProperties) = preSolution
		HideSolutionNode = FALSE
	EndGlobalSection
EndGlobal
